// !$*UTF8*$!
{
	archiveVersion = 1;
	classes = {
	};
	objectVersion = 46;
	objects = {

/* Begin PBXBuildFile section */
		0C0E6B4D1F0DCE1C0095E522 /* AppDelegate.swift in Sources */ = {isa = PBXBuildFile; fileRef = 0C0E6B4C1F0DCE1C0095E522 /* AppDelegate.swift */; };
		0C0E6B4F1F0DCE1C0095E522 /* ViewController.swift in Sources */ = {isa = PBXBuildFile; fileRef = 0C0E6B4E1F0DCE1C0095E522 /* ViewController.swift */; };
		0C0E6B521F0DCE1C0095E522 /* Main.storyboard in Resources */ = {isa = PBXBuildFile; fileRef = 0C0E6B501F0DCE1C0095E522 /* Main.storyboard */; };
		0C0E6B541F0DCE1C0095E522 /* Assets.xcassets in Resources */ = {isa = PBXBuildFile; fileRef = 0C0E6B531F0DCE1C0095E522 /* Assets.xcassets */; };
		0C0E6B571F0DCE1C0095E522 /* LaunchScreen.storyboard in Resources */ = {isa = PBXBuildFile; fileRef = 0C0E6B551F0DCE1C0095E522 /* LaunchScreen.storyboard */; };
		0C0E6B621F0DCE1C0095E522 /* quizzyTests.swift in Sources */ = {isa = PBXBuildFile; fileRef = 0C0E6B611F0DCE1C0095E522 /* quizzyTests.swift */; };
		0C0E6B6D1F0DCE1C0095E522 /* quizzyUITests.swift in Sources */ = {isa = PBXBuildFile; fileRef = 0C0E6B6C1F0DCE1C0095E522 /* quizzyUITests.swift */; };
/* End PBXBuildFile section */

/* Begin PBXContainerItemProxy section */
		0C0E6B5E1F0DCE1C0095E522 /* PBXContainerItemProxy */ = {
			isa = PBXContainerItemProxy;
			containerPortal = 0C0E6B411F0DCE1B0095E522 /* Project object */;
			proxyType = 1;
			remoteGlobalIDString = 0C0E6B481F0DCE1B0095E522;
			remoteInfo = quizzy;
		};
		0C0E6B691F0DCE1C0095E522 /* PBXContainerItemProxy */ = {
			isa = PBXContainerItemProxy;
			containerPortal = 0C0E6B411F0DCE1B0095E522 /* Project object */;
			proxyType = 1;
			remoteGlobalIDString = 0C0E6B481F0DCE1B0095E522;
			remoteInfo = quizzy;
		};
/* End PBXContainerItemProxy section */

/* Begin PBXFileReference section */
		0C0E6B491F0DCE1C0095E522 /* quizzy.app */ = {isa = PBXFileReference; explicitFileType = wrapper.application; includeInIndex = 0; path = quizzy.app; sourceTree = BUILT_PRODUCTS_DIR; };
		0C0E6B4C1F0DCE1C0095E522 /* AppDelegate.swift */ = {isa = PBXFileReference; lastKnownFileType = sourcecode.swift; path = AppDelegate.swift; sourceTree = "<group>"; };
		0C0E6B4E1F0DCE1C0095E522 /* ViewController.swift */ = {isa = PBXFileReference; lastKnownFileType = sourcecode.swift; path = ViewController.swift; sourceTree = "<group>"; };
		0C0E6B511F0DCE1C0095E522 /* Base */ = {isa = PBXFileReference; lastKnownFileType = file.storyboard; name = Base; path = Base.lproj/Main.storyboard; sourceTree = "<group>"; };
		0C0E6B531F0DCE1C0095E522 /* Assets.xcassets */ = {isa = PBXFileReference; lastKnownFileType = folder.assetcatalog; path = Assets.xcassets; sourceTree = "<group>"; };
		0C0E6B561F0DCE1C0095E522 /* Base */ = {isa = PBXFileReference; lastKnownFileType = file.storyboard; name = Base; path = Base.lproj/LaunchScreen.storyboard; sourceTree = "<group>"; };
		0C0E6B581F0DCE1C0095E522 /* Info.plist */ = {isa = PBXFileReference; lastKnownFileType = text.plist.xml; path = Info.plist; sourceTree = "<group>"; };
		0C0E6B5D1F0DCE1C0095E522 /* quizzyTests.xctest */ = {isa = PBXFileReference; explicitFileType = wrapper.cfbundle; includeInIndex = 0; path = quizzyTests.xctest; sourceTree = BUILT_PRODUCTS_DIR; };
		0C0E6B611F0DCE1C0095E522 /* quizzyTests.swift */ = {isa = PBXFileReference; lastKnownFileType = sourcecode.swift; path = quizzyTests.swift; sourceTree = "<group>"; };
		0C0E6B631F0DCE1C0095E522 /* Info.plist */ = {isa = PBXFileReference; lastKnownFileType = text.plist.xml; path = Info.plist; sourceTree = "<group>"; };
		0C0E6B681F0DCE1C0095E522 /* quizzyUITests.xctest */ = {isa = PBXFileReference; explicitFileType = wrapper.cfbundle; includeInIndex = 0; path = quizzyUITests.xctest; sourceTree = BUILT_PRODUCTS_DIR; };
		0C0E6B6C1F0DCE1C0095E522 /* quizzyUITests.swift */ = {isa = PBXFileReference; lastKnownFileType = sourcecode.swift; path = quizzyUITests.swift; sourceTree = "<group>"; };
		0C0E6B6E1F0DCE1C0095E522 /* Info.plist */ = {isa = PBXFileReference; lastKnownFileType = text.plist.xml; path = Info.plist; sourceTree = "<group>"; };
/* End PBXFileReference section */

/* Begin PBXFrameworksBuildPhase section */
		0C0E6B461F0DCE1B0095E522 /* Frameworks */ = {
			isa = PBXFrameworksBuildPhase;
			buildActionMask = 2147483647;
			files = (
			);
			runOnlyForDeploymentPostprocessing = 0;
		};
		0C0E6B5A1F0DCE1C0095E522 /* Frameworks */ = {
			isa = PBXFrameworksBuildPhase;
			buildActionMask = 2147483647;
			files = (
			);
			runOnlyForDeploymentPostprocessing = 0;
		};
		0C0E6B651F0DCE1C0095E522 /* Frameworks */ = {
			isa = PBXFrameworksBuildPhase;
			buildActionMask = 2147483647;
			files = (
			);
			runOnlyForDeploymentPostprocessing = 0;
		};
/* End PBXFrameworksBuildPhase section */

/* Begin PBXGroup section */
		0C0E6B401F0DCE1B0095E522 = {
			isa = PBXGroup;
			children = (
				0C0E6B4B1F0DCE1C0095E522 /* quizzy */,
				0C0E6B601F0DCE1C0095E522 /* quizzyTests */,
				0C0E6B6B1F0DCE1C0095E522 /* quizzyUITests */,
				0C0E6B4A1F0DCE1C0095E522 /* Products */,
			);
			sourceTree = "<group>";
		};
		0C0E6B4A1F0DCE1C0095E522 /* Products */ = {
			isa = PBXGroup;
			children = (
				0C0E6B491F0DCE1C0095E522 /* quizzy.app */,
				0C0E6B5D1F0DCE1C0095E522 /* quizzyTests.xctest */,
				0C0E6B681F0DCE1C0095E522 /* quizzyUITests.xctest */,
			);
			name = Products;
			sourceTree = "<group>";
		};
		0C0E6B4B1F0DCE1C0095E522 /* quizzy */ = {
			isa = PBXGroup;
			children = (
				0C0E6B4C1F0DCE1C0095E522 /* AppDelegate.swift */,
				0C0E6B4E1F0DCE1C0095E522 /* ViewController.swift */,
				0C0E6B501F0DCE1C0095E522 /* Main.storyboard */,
				0C0E6B531F0DCE1C0095E522 /* Assets.xcassets */,
				0C0E6B551F0DCE1C0095E522 /* LaunchScreen.storyboard */,
				0C0E6B581F0DCE1C0095E522 /* Info.plist */,
			);
			path = quizzy;
			sourceTree = "<group>";
		};
		0C0E6B601F0DCE1C0095E522 /* quizzyTests */ = {
			isa = PBXGroup;
			children = (
				0C0E6B611F0DCE1C0095E522 /* quizzyTests.swift */,
				0C0E6B631F0DCE1C0095E522 /* Info.plist */,
			);
			path = quizzyTests;
			sourceTree = "<group>";
		};
		0C0E6B6B1F0DCE1C0095E522 /* quizzyUITests */ = {
			isa = PBXGroup;
			children = (
				0C0E6B6C1F0DCE1C0095E522 /* quizzyUITests.swift */,
				0C0E6B6E1F0DCE1C0095E522 /* Info.plist */,
			);
			path = quizzyUITests;
			sourceTree = "<group>";
		};
/* End PBXGroup section */

/* Begin PBXNativeTarget section */
		0C0E6B481F0DCE1B0095E522 /* quizzy */ = {
			isa = PBXNativeTarget;
			buildConfigurationList = 0C0E6B711F0DCE1C0095E522 /* Build configuration list for PBXNativeTarget "quizzy" */;
			buildPhases = (
				0C0E6B451F0DCE1B0095E522 /* Sources */,
				0C0E6B461F0DCE1B0095E522 /* Frameworks */,
				0C0E6B471F0DCE1B0095E522 /* Resources */,
			);
			buildRules = (
			);
			dependencies = (
			);
			name = quizzy;
			productName = quizzy;
			productReference = 0C0E6B491F0DCE1C0095E522 /* quizzy.app */;
			productType = "com.apple.product-type.application";
		};
		0C0E6B5C1F0DCE1C0095E522 /* quizzyTests */ = {
			isa = PBXNativeTarget;
			buildConfigurationList = 0C0E6B741F0DCE1C0095E522 /* Build configuration list for PBXNativeTarget "quizzyTests" */;
			buildPhases = (
				0C0E6B591F0DCE1C0095E522 /* Sources */,
				0C0E6B5A1F0DCE1C0095E522 /* Frameworks */,
				0C0E6B5B1F0DCE1C0095E522 /* Resources */,
			);
			buildRules = (
			);
			dependencies = (
				0C0E6B5F1F0DCE1C0095E522 /* PBXTargetDependency */,
			);
			name = quizzyTests;
			productName = quizzyTests;
			productReference = 0C0E6B5D1F0DCE1C0095E522 /* quizzyTests.xctest */;
			productType = "com.apple.product-type.bundle.unit-test";
		};
		0C0E6B671F0DCE1C0095E522 /* quizzyUITests */ = {
			isa = PBXNativeTarget;
			buildConfigurationList = 0C0E6B771F0DCE1C0095E522 /* Build configuration list for PBXNativeTarget "quizzyUITests" */;
			buildPhases = (
				0C0E6B641F0DCE1C0095E522 /* Sources */,
				0C0E6B651F0DCE1C0095E522 /* Frameworks */,
				0C0E6B661F0DCE1C0095E522 /* Resources */,
			);
			buildRules = (
			);
			dependencies = (
				0C0E6B6A1F0DCE1C0095E522 /* PBXTargetDependency */,
			);
			name = quizzyUITests;
			productName = quizzyUITests;
			productReference = 0C0E6B681F0DCE1C0095E522 /* quizzyUITests.xctest */;
			productType = "com.apple.product-type.bundle.ui-testing";
		};
/* End PBXNativeTarget section */

/* Begin PBXProject section */
		0C0E6B411F0DCE1B0095E522 /* Project object */ = {
			isa = PBXProject;
			attributes = {
				LastSwiftUpdateCheck = 0830;
				LastUpgradeCheck = 0830;
				ORGANIZATIONNAME = Placoderm;
				TargetAttributes = {
					0C0E6B481F0DCE1B0095E522 = {
						CreatedOnToolsVersion = 8.3.3;
						ProvisioningStyle = Automatic;
					};
					0C0E6B5C1F0DCE1C0095E522 = {
						CreatedOnToolsVersion = 8.3.3;
						ProvisioningStyle = Automatic;
						TestTargetID = 0C0E6B481F0DCE1B0095E522;
					};
					0C0E6B671F0DCE1C0095E522 = {
						CreatedOnToolsVersion = 8.3.3;
						ProvisioningStyle = Automatic;
						TestTargetID = 0C0E6B481F0DCE1B0095E522;
					};
				};
			};
			buildConfigurationList = 0C0E6B441F0DCE1B0095E522 /* Build configuration list for PBXProject "quizzy" */;
			compatibilityVersion = "Xcode 3.2";
			developmentRegion = English;
			hasScannedForEncodings = 0;
			knownRegions = (
				en,
				Base,
			);
			mainGroup = 0C0E6B401F0DCE1B0095E522;
			productRefGroup = 0C0E6B4A1F0DCE1C0095E522 /* Products */;
			projectDirPath = "";
			projectRoot = "";
			targets = (
				0C0E6B481F0DCE1B0095E522 /* quizzy */,
				0C0E6B5C1F0DCE1C0095E522 /* quizzyTests */,
				0C0E6B671F0DCE1C0095E522 /* quizzyUITests */,
			);
		};
/* End PBXProject section */

/* Begin PBXResourcesBuildPhase section */
		0C0E6B471F0DCE1B0095E522 /* Resources */ = {
			isa = PBXResourcesBuildPhase;
			buildActionMask = 2147483647;
			files = (
				0C0E6B571F0DCE1C0095E522 /* LaunchScreen.storyboard in Resources */,
				0C0E6B541F0DCE1C0095E522 /* Assets.xcassets in Resources */,
				0C0E6B521F0DCE1C0095E522 /* Main.storyboard in Resources */,
			);
			runOnlyForDeploymentPostprocessing = 0;
		};
		0C0E6B5B1F0DCE1C0095E522 /* Resources */ = {
			isa = PBXResourcesBuildPhase;
			buildActionMask = 2147483647;
			files = (
			);
			runOnlyForDeploymentPostprocessing = 0;
		};
		0C0E6B661F0DCE1C0095E522 /* Resources */ = {
			isa = PBXResourcesBuildPhase;
			buildActionMask = 2147483647;
			files = (
			);
			runOnlyForDeploymentPostprocessing = 0;
		};
/* End PBXResourcesBuildPhase section */

/* Begin PBXSourcesBuildPhase section */
		0C0E6B451F0DCE1B0095E522 /* Sources */ = {
			isa = PBXSourcesBuildPhase;
			buildActionMask = 2147483647;
			files = (
				0C0E6B4F1F0DCE1C0095E522 /* ViewController.swift in Sources */,
				0C0E6B4D1F0DCE1C0095E522 /* AppDelegate.swift in Sources */,
			);
			runOnlyForDeploymentPostprocessing = 0;
		};
		0C0E6B591F0DCE1C0095E522 /* Sources */ = {
			isa = PBXSourcesBuildPhase;
			buildActionMask = 2147483647;
			files = (
				0C0E6B621F0DCE1C0095E522 /* quizzyTests.swift in Sources */,
			);
			runOnlyForDeploymentPostprocessing = 0;
		};
		0C0E6B641F0DCE1C0095E522 /* Sources */ = {
			isa = PBXSourcesBuildPhase;
			buildActionMask = 2147483647;
			files = (
				0C0E6B6D1F0DCE1C0095E522 /* quizzyUITests.swift in Sources */,
			);
			runOnlyForDeploymentPostprocessing = 0;
		};
/* End PBXSourcesBuildPhase section */

/* Begin PBXTargetDependency section */
		0C0E6B5F1F0DCE1C0095E522 /* PBXTargetDependency */ = {
			isa = PBXTargetDependency;
			target = 0C0E6B481F0DCE1B0095E522 /* quizzy */;
			targetProxy = 0C0E6B5E1F0DCE1C0095E522 /* PBXContainerItemProxy */;
		};
		0C0E6B6A1F0DCE1C0095E522 /* PBXTargetDependency */ = {
			isa = PBXTargetDependency;
			target = 0C0E6B481F0DCE1B0095E522 /* quizzy */;
			targetProxy = 0C0E6B691F0DCE1C0095E522 /* PBXContainerItemProxy */;
		};
/* End PBXTargetDependency section */

/* Begin PBXVariantGroup section */
		0C0E6B501F0DCE1C0095E522 /* Main.storyboard */ = {
			isa = PBXVariantGroup;
			children = (
				0C0E6B511F0DCE1C0095E522 /* Base */,
			);
			name = Main.storyboard;
			sourceTree = "<group>";
		};
		0C0E6B551F0DCE1C0095E522 /* LaunchScreen.storyboard */ = {
			isa = PBXVariantGroup;
			children = (
				0C0E6B561F0DCE1C0095E522 /* Base */,
			);
			name = LaunchScreen.storyboard;
			sourceTree = "<group>";
		};
/* End PBXVariantGroup section */

/* Begin XCBuildConfiguration section */
		0C0E6B6F1F0DCE1C0095E522 /* Debug */ = {
			isa = XCBuildConfiguration;
			buildSettings = {
				ALWAYS_SEARCH_USER_PATHS = NO;
				CLANG_ANALYZER_NONNULL = YES;
				CLANG_ANALYZER_NUMBER_OBJECT_CONVERSION = YES_AGGRESSIVE;
				CLANG_CXX_LANGUAGE_STANDARD = "gnu++0x";
				CLANG_CXX_LIBRARY = "libc++";
				CLANG_ENABLE_MODULES = YES;
				CLANG_ENABLE_OBJC_ARC = YES;
				CLANG_WARN_BOOL_CONVERSION = YES;
				CLANG_WARN_CONSTANT_CONVERSION = YES;
				CLANG_WARN_DIRECT_OBJC_ISA_USAGE = YES_ERROR;
				CLANG_WARN_DOCUMENTATION_COMMENTS = YES;
				CLANG_WARN_EMPTY_BODY = YES;
				CLANG_WARN_ENUM_CONVERSION = YES;
				CLANG_WARN_INFINITE_RECURSION = YES;
				CLANG_WARN_INT_CONVERSION = YES;
				CLANG_WARN_OBJC_ROOT_CLASS = YES_ERROR;
				CLANG_WARN_SUSPICIOUS_MOVE = YES;
				CLANG_WARN_UNREACHABLE_CODE = YES;
				CLANG_WARN__DUPLICATE_METHOD_MATCH = YES;
				"CODE_SIGN_IDENTITY[sdk=iphoneos*]" = "iPhone Developer";
				COPY_PHASE_STRIP = NO;
				DEBUG_INFORMATION_FORMAT = dwarf;
				ENABLE_STRICT_OBJC_MSGSEND = YES;
				ENABLE_TESTABILITY = YES;
				GCC_C_LANGUAGE_STANDARD = gnu99;
				GCC_DYNAMIC_NO_PIC = NO;
				GCC_NO_COMMON_BLOCKS = YES;
				GCC_OPTIMIZATION_LEVEL = 0;
				GCC_PREPROCESSOR_DEFINITIONS = (
					"DEBUG=1",
					"$(inherited)",
				);
				GCC_WARN_64_TO_32_BIT_CONVERSION = YES;
				GCC_WARN_ABOUT_RETURN_TYPE = YES_ERROR;
				GCC_WARN_UNDECLARED_SELECTOR = YES;
				GCC_WARN_UNINITIALIZED_AUTOS = YES_AGGRESSIVE;
				GCC_WARN_UNUSED_FUNCTION = YES;
				GCC_WARN_UNUSED_VARIABLE = YES;
				IPHONEOS_DEPLOYMENT_TARGET = 10.3;
				MTL_ENABLE_DEBUG_INFO = YES;
				ONLY_ACTIVE_ARCH = YES;
				SDKROOT = iphoneos;
				SWIFT_ACTIVE_COMPILATION_CONDITIONS = DEBUG;
				SWIFT_OPTIMIZATION_LEVEL = "-Onone";
				TARGETED_DEVICE_FAMILY = "1,2";
			};
			name = Debug;
		};
		0C0E6B701F0DCE1C0095E522 /* Release */ = {
			isa = XCBuildConfiguration;
			buildSettings = {
				ALWAYS_SEARCH_USER_PATHS = NO;
				CLANG_ANALYZER_NONNULL = YES;
				CLANG_ANALYZER_NUMBER_OBJECT_CONVERSION = YES_AGGRESSIVE;
				CLANG_CXX_LANGUAGE_STANDARD = "gnu++0x";
				CLANG_CXX_LIBRARY = "libc++";
				CLANG_ENABLE_MODULES = YES;
				CLANG_ENABLE_OBJC_ARC = YES;
				CLANG_WARN_BOOL_CONVERSION = YES;
				CLANG_WARN_CONSTANT_CONVERSION = YES;
				CLANG_WARN_DIRECT_OBJC_ISA_USAGE = YES_ERROR;
				CLANG_WARN_DOCUMENTATION_COMMENTS = YES;
				CLANG_WARN_EMPTY_BODY = YES;
				CLANG_WARN_ENUM_CONVERSION = YES;
				CLANG_WARN_INFINITE_RECURSION = YES;
				CLANG_WARN_INT_CONVERSION = YES;
				CLANG_WARN_OBJC_ROOT_CLASS = YES_ERROR;
				CLANG_WARN_SUSPICIOUS_MOVE = YES;
				CLANG_WARN_UNREACHABLE_CODE = YES;
				CLANG_WARN__DUPLICATE_METHOD_MATCH = YES;
				"CODE_SIGN_IDENTITY[sdk=iphoneos*]" = "iPhone Developer";
				COPY_PHASE_STRIP = NO;
				DEBUG_INFORMATION_FORMAT = "dwarf-with-dsym";
				ENABLE_NS_ASSERTIONS = NO;
				ENABLE_STRICT_OBJC_MSGSEND = YES;
				GCC_C_LANGUAGE_STANDARD = gnu99;
				GCC_NO_COMMON_BLOCKS = YES;
				GCC_WARN_64_TO_32_BIT_CONVERSION = YES;
				GCC_WARN_ABOUT_RETURN_TYPE = YES_ERROR;
				GCC_WARN_UNDECLARED_SELECTOR = YES;
				GCC_WARN_UNINITIALIZED_AUTOS = YES_AGGRESSIVE;
				GCC_WARN_UNUSED_FUNCTION = YES;
				GCC_WARN_UNUSED_VARIABLE = YES;
				IPHONEOS_DEPLOYMENT_TARGET = 10.3;
				MTL_ENABLE_DEBUG_INFO = NO;
				SDKROOT = iphoneos;
				SWIFT_OPTIMIZATION_LEVEL = "-Owholemodule";
				TARGETED_DEVICE_FAMILY = "1,2";
				VALIDATE_PRODUCT = YES;
			};
			name = Release;
		};
		0C0E6B721F0DCE1C0095E522 /* Debug */ = {
			isa = XCBuildConfiguration;
			buildSettings = {
				ASSETCATALOG_COMPILER_APPICON_NAME = AppIcon;
				INFOPLIST_FILE = quizzy/Info.plist;
				LD_RUNPATH_SEARCH_PATHS = "$(inherited) @executable_path/Frameworks";
				PRODUCT_BUNDLE_IDENTIFIER = "-.quizzy";
				PRODUCT_NAME = "$(TARGET_NAME)";
				SWIFT_VERSION = 3.0;
			};
			name = Debug;
		};
		0C0E6B731F0DCE1C0095E522 /* Release */ = {
			isa = XCBuildConfiguration;
			buildSettings = {
				ASSETCATALOG_COMPILER_APPICON_NAME = AppIcon;
				INFOPLIST_FILE = quizzy/Info.plist;
				LD_RUNPATH_SEARCH_PATHS = "$(inherited) @executable_path/Frameworks";
				PRODUCT_BUNDLE_IDENTIFIER = "-.quizzy";
				PRODUCT_NAME = "$(TARGET_NAME)";
				SWIFT_VERSION = 3.0;
			};
			name = Release;
		};
		0C0E6B751F0DCE1C0095E522 /* Debug */ = {
			isa = XCBuildConfiguration;
			buildSettings = {
				ALWAYS_EMBED_SWIFT_STANDARD_LIBRARIES = YES;
				BUNDLE_LOADER = "$(TEST_HOST)";
				INFOPLIST_FILE = quizzyTests/Info.plist;
				LD_RUNPATH_SEARCH_PATHS = "$(inherited) @executable_path/Frameworks @loader_path/Frameworks";
				PRODUCT_BUNDLE_IDENTIFIER = "-.quizzyTests";
				PRODUCT_NAME = "$(TARGET_NAME)";
				SWIFT_VERSION = 3.0;
				TEST_HOST = "$(BUILT_PRODUCTS_DIR)/quizzy.app/quizzy";
			};
			name = Debug;
		};
		0C0E6B761F0DCE1C0095E522 /* Release */ = {
			isa = XCBuildConfiguration;
			buildSettings = {
				ALWAYS_EMBED_SWIFT_STANDARD_LIBRARIES = YES;
				BUNDLE_LOADER = "$(TEST_HOST)";
				INFOPLIST_FILE = quizzyTests/Info.plist;
				LD_RUNPATH_SEARCH_PATHS = "$(inherited) @executable_path/Frameworks @loader_path/Frameworks";
				PRODUCT_BUNDLE_IDENTIFIER = "-.quizzyTests";
				PRODUCT_NAME = "$(TARGET_NAME)";
				SWIFT_VERSION = 3.0;
				TEST_HOST = "$(BUILT_PRODUCTS_DIR)/quizzy.app/quizzy";
			};
			name = Release;
		};
		0C0E6B781F0DCE1C0095E522 /* Debug */ = {
			isa = XCBuildConfiguration;
			buildSettings = {
				ALWAYS_EMBED_SWIFT_STANDARD_LIBRARIES = YES;
				INFOPLIST_FILE = quizzyUITests/Info.plist;
				LD_RUNPATH_SEARCH_PATHS = "$(inherited) @executable_path/Frameworks @loader_path/Frameworks";
				PRODUCT_BUNDLE_IDENTIFIER = "-.quizzyUITests";
				PRODUCT_NAME = "$(TARGET_NAME)";
				SWIFT_VERSION = 3.0;
				TEST_TARGET_NAME = quizzy;
			};
			name = Debug;
		};
		0C0E6B791F0DCE1C0095E522 /* Release */ = {
			isa = XCBuildConfiguration;
			buildSettings = {
				ALWAYS_EMBED_SWIFT_STANDARD_LIBRARIES = YES;
				INFOPLIST_FILE = quizzyUITests/Info.plist;
				LD_RUNPATH_SEARCH_PATHS = "$(inherited) @executable_path/Frameworks @loader_path/Frameworks";
				PRODUCT_BUNDLE_IDENTIFIER = "-.quizzyUITests";
				PRODUCT_NAME = "$(TARGET_NAME)";
				SWIFT_VERSION = 3.0;
				TEST_TARGET_NAME = quizzy;
			};
			name = Release;
		};
/* End XCBuildConfiguration section */

/* Begin XCConfigurationList section */
		0C0E6B441F0DCE1B0095E522 /* Build configuration list for PBXProject "quizzy" */ = {
			isa = XCConfigurationList;
			buildConfigurations = (
				0C0E6B6F1F0DCE1C0095E522 /* Debug */,
				0C0E6B701F0DCE1C0095E522 /* Release */,
			);
			defaultConfigurationIsVisible = 0;
			defaultConfigurationName = Release;
		};
		0C0E6B711F0DCE1C0095E522 /* Build configuration list for PBXNativeTarget "quizzy" */ = {
			isa = XCConfigurationList;
			buildConfigurations = (
				0C0E6B721F0DCE1C0095E522 /* Debug */,
				0C0E6B731F0DCE1C0095E522 /* Release */,
			);
			defaultConfigurationIsVisible = 0;
		};
		0C0E6B741F0DCE1C0095E522 /* Build configuration list for PBXNativeTarget "quizzyTests" */ = {
			isa = XCConfigurationList;
			buildConfigurations = (
				0C0E6B751F0DCE1C0095E522 /* Debug */,
				0C0E6B761F0DCE1C0095E522 /* Release */,
			);
			defaultConfigurationIsVisible = 0;
		};
		0C0E6B771F0DCE1C0095E522 /* Build configuration list for PBXNativeTarget "quizzyUITests" */ = {
			isa = XCConfigurationList;
			buildConfigurations = (
				0C0E6B781F0DCE1C0095E522 /* Debug */,
				0C0E6B791F0DCE1C0095E522 /* Release */,
			);
			defaultConfigurationIsVisible = 0;
		};
/* End XCConfigurationList section */
	};
	rootObject = 0C0E6B411F0DCE1B0095E522 /* Project object */;
}
